
Microsoft Visual Studio Solution File, Format Version 12.00
# Visual Studio Version 16
VisualStudioVersion = 16.0.29418.71
MinimumVisualStudioVersion = 10.0.40219.1
Project("{FAE04EC0-301F-11D3-BF4B-00C04F79EFBC}") = "Logbert", "Logbert\Logbert.csproj", "{EE81C506-55E4-417E-B1D6-09453F89C7CD}"
EndProject
Project("{FAE04EC0-301F-11D3-BF4B-00C04F79EFBC}") = "Couchcoding.Logbert.Gui", "Couchcoding.Logbert.Gui\Couchcoding.Logbert.Gui.csproj", "{0D9D135F-9D7A-4D90-8810-903450FD4245}"
EndProject
Project("{930C7802-8A8C-48F9-8165-68863BCCD9DD}") = "Logbert Setup", "Logbert Setup\Logbert Setup.wixproj", "{8C408EBB-DDB3-4217-BB6B-AF6584A13F4B}"
	ProjectSection(ProjectDependencies) = postProject
		{EE81C506-55E4-417E-B1D6-09453F89C7CD} = {EE81C506-55E4-417E-B1D6-09453F89C7CD}
		{0D9D135F-9D7A-4D90-8810-903450FD4245} = {0D9D135F-9D7A-4D90-8810-903450FD4245}
	EndProjectSection
EndProject
Project("{FAE04EC0-301F-11D3-BF4B-00C04F79EFBC}") = "Couchcoding.Logbert.Theme", "Couchcoding.Logbert.Theme\Couchcoding.Logbert.Theme.csproj", "{DE30D0ED-E29F-4779-A057-C7C1F1EF4F59}"
EndProject
Global
	GlobalSection(SolutionConfigurationPlatforms) = preSolution
		Debug|Any CPU = Debug|Any CPU
		Release|Any CPU = Release|Any CPU
	EndGlobalSection
	GlobalSection(ProjectConfigurationPlatforms) = postSolution
		{EE81C506-55E4-417E-B1D6-09453F89C7CD}.Debug|Any CPU.ActiveCfg = Debug|Any CPU
		{EE81C506-55E4-417E-B1D6-09453F89C7CD}.Debug|Any CPU.Build.0 = Debug|Any CPU
		{EE81C506-55E4-417E-B1D6-09453F89C7CD}.Release|Any CPU.ActiveCfg = Release|Any CPU
		{EE81C506-55E4-417E-B1D6-09453F89C7CD}.Release|Any CPU.Build.0 = Release|Any CPU
		{0D9D135F-9D7A-4D90-8810-903450FD4245}.Debug|Any CPU.ActiveCfg = Debug|Any CPU
		{0D9D135F-9D7A-4D90-8810-903450FD4245}.Debug|Any CPU.Build.0 = Debug|Any CPU
		{0D9D135F-9D7A-4D90-8810-903450FD4245}.Release|Any CPU.ActiveCfg = Release|Any CPU
		{0D9D135F-9D7A-4D90-8810-903450FD4245}.Release|Any CPU.Build.0 = Release|Any CPU
		{8C408EBB-DDB3-4217-BB6B-AF6584A13F4B}.Debug|Any CPU.ActiveCfg = Debug|x86
		{8C408EBB-DDB3-4217-BB6B-AF6584A13F4B}.Release|Any CPU.ActiveCfg = Release|x64
		{8C408EBB-DDB3-4217-BB6B-AF6584A13F4B}.Release|Any CPU.Build.0 = Release|x64
		{DE30D0ED-E29F-4779-A057-C7C1F1EF4F59}.Debug|Any CPU.ActiveCfg = Debug|Any CPU
		{DE30D0ED-E29F-4779-A057-C7C1F1EF4F59}.Debug|Any CPU.Build.0 = Debug|Any CPU
		{DE30D0ED-E29F-4779-A057-C7C1F1EF4F59}.Release|Any CPU.ActiveCfg = Release|Any CPU
		{DE30D0ED-E29F-4779-A057-C7C1F1EF4F59}.Release|Any CPU.Build.0 = Release|Any CPU
	EndGlobalSection
	GlobalSection(SolutionProperties) = preSolution
		HideSolutionNode = FALSE
	EndGlobalSection
	GlobalSection(ExtensibilityGlobals) = postSolution
		SolutionGuid = {C17846E6-AD94-462A-87DE-C461EB49FC37}
	EndGlobalSection
EndGlobal
